
Microsoft Visual Studio Solution File, Format Version 12.00
# Visual Studio Version 17
VisualStudioVersion = 17.2.32630.192
MinimumVisualStudioVersion = 10.0.40219.1
Project("{FAE04EC0-301F-11D3-BF4B-00C04F79EFBC}") = "Max_three_nos", "Max_three_nos\Max_three_nos.csproj", "{8CB648FF-8FD4-40B6-8F2A-7D255C5CCC41}"
EndProject
Project("{FAE04EC0-301F-11D3-BF4B-00C04F79EFBC}") = "numbers", "numbers\numbers.csproj", "{D886CCDC-CAC9-4100-B898-0A14EB1FC04E}"
EndProject
Project("{FAE04EC0-301F-11D3-BF4B-00C04F79EFBC}") = "Maxtwo_numbers", "Maxtwo_numbers\Maxtwo_numbers.csproj", "{9E514315-3BF2-44D5-86BB-4E425C1DE891}"
EndProject
Project("{FAE04EC0-301F-11D3-BF4B-00C04F79EFBC}") = "check_if_divisible", "check_if_divisible\check_if_divisible.csproj", "{35D133EA-8222-426A-94CD-C1AF80C87A30}"
EndProject
Project("{FAE04EC0-301F-11D3-BF4B-00C04F79EFBC}") = "alphabetOrNot", "alphabetOrNot\alphabetOrNot.csproj", "{D0B80F64-050B-460E-810D-9A3D8D027234}"
EndProject
Project("{FAE04EC0-301F-11D3-BF4B-00C04F79EFBC}") = "vowelORnot", "vowelORnot\vowelORnot.csproj", "{94506435-07F8-4C87-A001-631DCAE3E75A}"
EndProject
Project("{FAE04EC0-301F-11D3-BF4B-00C04F79EFBC}") = "checkCharacter", "checkCharacter\checkCharacter.csproj", "{5FE9ADA9-C089-4128-8385-B746DD54723C}"
EndProject
Project("{FAE04EC0-301F-11D3-BF4B-00C04F79EFBC}") = "checkCase", "checkCase\checkCase.csproj", "{51BD5D98-2747-4EB8-84D6-8884A76C189B}"
EndProject
Project("{FAE04EC0-301F-11D3-BF4B-00C04F79EFBC}") = "weekNumberDay", "weekNumberDay\weekNumberDay.csproj", "{8921EE9C-6A15-45A4-9649-28CB5955987E}"
EndProject
Project("{2150E333-8FDC-42A3-9474-1A3956D46DE8}") = "Programming", "Programming", "{66F4A4FD-B99C-44A6-A125-544843A11F5C}"
EndProject
Project("{2150E333-8FDC-42A3-9474-1A3956D46DE8}") = "SET_1", "SET_1", "{4FCD2DD8-8D7A-4DB4-9EC8-7EEF084C9880}"
EndProject
Global
	GlobalSection(SolutionConfigurationPlatforms) = preSolution
		Debug|Any CPU = Debug|Any CPU
		Release|Any CPU = Release|Any CPU
	EndGlobalSection
	GlobalSection(ProjectConfigurationPlatforms) = postSolution
		{8CB648FF-8FD4-40B6-8F2A-7D255C5CCC41}.Debug|Any CPU.ActiveCfg = Debug|Any CPU
		{8CB648FF-8FD4-40B6-8F2A-7D255C5CCC41}.Debug|Any CPU.Build.0 = Debug|Any CPU
		{8CB648FF-8FD4-40B6-8F2A-7D255C5CCC41}.Release|Any CPU.ActiveCfg = Release|Any CPU
		{8CB648FF-8FD4-40B6-8F2A-7D255C5CCC41}.Release|Any CPU.Build.0 = Release|Any CPU
		{D886CCDC-CAC9-4100-B898-0A14EB1FC04E}.Debug|Any CPU.ActiveCfg = Debug|Any CPU
		{D886CCDC-CAC9-4100-B898-0A14EB1FC04E}.Debug|Any CPU.Build.0 = Debug|Any CPU
		{D886CCDC-CAC9-4100-B898-0A14EB1FC04E}.Release|Any CPU.ActiveCfg = Release|Any CPU
		{D886CCDC-CAC9-4100-B898-0A14EB1FC04E}.Release|Any CPU.Build.0 = Release|Any CPU
		{9E514315-3BF2-44D5-86BB-4E425C1DE891}.Debug|Any CPU.ActiveCfg = Debug|Any CPU
		{9E514315-3BF2-44D5-86BB-4E425C1DE891}.Debug|Any CPU.Build.0 = Debug|Any CPU
		{9E514315-3BF2-44D5-86BB-4E425C1DE891}.Release|Any CPU.ActiveCfg = Release|Any CPU
		{9E514315-3BF2-44D5-86BB-4E425C1DE891}.Release|Any CPU.Build.0 = Release|Any CPU
		{35D133EA-8222-426A-94CD-C1AF80C87A30}.Debug|Any CPU.ActiveCfg = Debug|Any CPU
		{35D133EA-8222-426A-94CD-C1AF80C87A30}.Debug|Any CPU.Build.0 = Debug|Any CPU
		{35D133EA-8222-426A-94CD-C1AF80C87A30}.Release|Any CPU.ActiveCfg = Release|Any CPU
		{35D133EA-8222-426A-94CD-C1AF80C87A30}.Release|Any CPU.Build.0 = Release|Any CPU
		{D0B80F64-050B-460E-810D-9A3D8D027234}.Debug|Any CPU.ActiveCfg = Debug|Any CPU
		{D0B80F64-050B-460E-810D-9A3D8D027234}.Debug|Any CPU.Build.0 = Debug|Any CPU
		{D0B80F64-050B-460E-810D-9A3D8D027234}.Release|Any CPU.ActiveCfg = Release|Any CPU
		{D0B80F64-050B-460E-810D-9A3D8D027234}.Release|Any CPU.Build.0 = Release|Any CPU
		{94506435-07F8-4C87-A001-631DCAE3E75A}.Debug|Any CPU.ActiveCfg = Debug|Any CPU
		{94506435-07F8-4C87-A001-631DCAE3E75A}.Debug|Any CPU.Build.0 = Debug|Any CPU
		{94506435-07F8-4C87-A001-631DCAE3E75A}.Release|Any CPU.ActiveCfg = Release|Any CPU
		{94506435-07F8-4C87-A001-631DCAE3E75A}.Release|Any CPU.Build.0 = Release|Any CPU
		{5FE9ADA9-C089-4128-8385-B746DD54723C}.Debug|Any CPU.ActiveCfg = Debug|Any CPU
		{5FE9ADA9-C089-4128-8385-B746DD54723C}.Debug|Any CPU.Build.0 = Debug|Any CPU
		{5FE9ADA9-C089-4128-8385-B746DD54723C}.Release|Any CPU.ActiveCfg = Release|Any CPU
		{5FE9ADA9-C089-4128-8385-B746DD54723C}.Release|Any CPU.Build.0 = Release|Any CPU
		{51BD5D98-2747-4EB8-84D6-8884A76C189B}.Debug|Any CPU.ActiveCfg = Debug|Any CPU
		{51BD5D98-2747-4EB8-84D6-8884A76C189B}.Debug|Any CPU.Build.0 = Debug|Any CPU
		{51BD5D98-2747-4EB8-84D6-8884A76C189B}.Release|Any CPU.ActiveCfg = Release|Any CPU
		{51BD5D98-2747-4EB8-84D6-8884A76C189B}.Release|Any CPU.Build.0 = Release|Any CPU
		{8921EE9C-6A15-45A4-9649-28CB5955987E}.Debug|Any CPU.ActiveCfg = Debug|Any CPU
		{8921EE9C-6A15-45A4-9649-28CB5955987E}.Debug|Any CPU.Build.0 = Debug|Any CPU
		{8921EE9C-6A15-45A4-9649-28CB5955987E}.Release|Any CPU.ActiveCfg = Release|Any CPU
		{8921EE9C-6A15-45A4-9649-28CB5955987E}.Release|Any CPU.Build.0 = Release|Any CPU
	EndGlobalSection
	GlobalSection(SolutionProperties) = preSolution
		HideSolutionNode = FALSE
	EndGlobalSection
	GlobalSection(NestedProjects) = preSolution
		{8CB648FF-8FD4-40B6-8F2A-7D255C5CCC41} = {4FCD2DD8-8D7A-4DB4-9EC8-7EEF084C9880}
		{D886CCDC-CAC9-4100-B898-0A14EB1FC04E} = {4FCD2DD8-8D7A-4DB4-9EC8-7EEF084C9880}
		{9E514315-3BF2-44D5-86BB-4E425C1DE891} = {4FCD2DD8-8D7A-4DB4-9EC8-7EEF084C9880}
		{35D133EA-8222-426A-94CD-C1AF80C87A30} = {4FCD2DD8-8D7A-4DB4-9EC8-7EEF084C9880}
		{D0B80F64-050B-460E-810D-9A3D8D027234} = {4FCD2DD8-8D7A-4DB4-9EC8-7EEF084C9880}
		{94506435-07F8-4C87-A001-631DCAE3E75A} = {4FCD2DD8-8D7A-4DB4-9EC8-7EEF084C9880}
		{5FE9ADA9-C089-4128-8385-B746DD54723C} = {4FCD2DD8-8D7A-4DB4-9EC8-7EEF084C9880}
		{51BD5D98-2747-4EB8-84D6-8884A76C189B} = {4FCD2DD8-8D7A-4DB4-9EC8-7EEF084C9880}
		{8921EE9C-6A15-45A4-9649-28CB5955987E} = {4FCD2DD8-8D7A-4DB4-9EC8-7EEF084C9880}
		{4FCD2DD8-8D7A-4DB4-9EC8-7EEF084C9880} = {66F4A4FD-B99C-44A6-A125-544843A11F5C}
	EndGlobalSection
	GlobalSection(ExtensibilityGlobals) = postSolution
		SolutionGuid = {FA22CFD0-989F-4F49-9676-18ED81749C76}
	EndGlobalSection
EndGlobal
